
Microsoft Visual Studio Solution File, Format Version 12.00
# Visual Studio 15
VisualStudioVersion = 15.0.28307.902
MinimumVisualStudioVersion = 10.0.40219.1
Project("{FAE04EC0-301F-11D3-BF4B-00C04F79EFBC}") = "targil_1", "targil_1\targil_1.csproj", "{D4CCF0CB-96B3-4454-ABA6-2E44F6BE5397}"
EndProject
Global
	GlobalSection(SolutionConfigurationPlatforms) = preSolution
		Debug|Any CPU = Debug|Any CPU
		Release|Any CPU = Release|Any CPU
	EndGlobalSection
	GlobalSection(ProjectConfigurationPlatforms) = postSolution
		{D4CCF0CB-96B3-4454-ABA6-2E44F6BE5397}.Debug|Any CPU.ActiveCfg = Debug|Any CPU
		{D4CCF0CB-96B3-4454-ABA6-2E44F6BE5397}.Debug|Any CPU.Build.0 = Debug|Any CPU
		{D4CCF0CB-96B3-4454-ABA6-2E44F6BE5397}.Release|Any CPU.ActiveCfg = Release|Any CPU
		{D4CCF0CB-96B3-4454-ABA6-2E44F6BE5397}.Release|Any CPU.Build.0 = Release|Any CPU
	EndGlobalSection
	GlobalSection(SolutionProperties) = preSolution
		HideSolutionNode = FALSE
	EndGlobalSection
	GlobalSection(ExtensibilityGlobals) = postSolution
		SolutionGuid = {BCC24EEA-98B1-4A8E-B8BA-D7BFF670C454}
	EndGlobalSection
EndGlobal
